
Microsoft Visual Studio Solution File, Format Version 12.00
# Visual Studio 15
VisualStudioVersion = 15.0.28307.168
MinimumVisualStudioVersion = 10.0.40219.1
Project("{FAE04EC0-301F-11D3-BF4B-00C04F79EFBC}") = "ExistingDbAndCoreLib", "ExistingDbAndCoreLib\ExistingDbAndCoreLib.csproj", "{DDC5C8D5-7C05-402A-B908-EE510EC5633A}"
EndProject
Project("{FAE04EC0-301F-11D3-BF4B-00C04F79EFBC}") = "ProjectCore", "ProjectCore\ProjectCore.csproj", "{BF9F5AC7-A829-4542-A11E-DB7F15EF4793}"
EndProject
Global
	GlobalSection(SolutionConfigurationPlatforms) = preSolution
		Debug|Any CPU = Debug|Any CPU
		Release|Any CPU = Release|Any CPU
	EndGlobalSection
	GlobalSection(ProjectConfigurationPlatforms) = postSolution
		{DDC5C8D5-7C05-402A-B908-EE510EC5633A}.Debug|Any CPU.ActiveCfg = Debug|Any CPU
		{DDC5C8D5-7C05-402A-B908-EE510EC5633A}.Debug|Any CPU.Build.0 = Debug|Any CPU
		{DDC5C8D5-7C05-402A-B908-EE510EC5633A}.Release|Any CPU.ActiveCfg = Release|Any CPU
		{DDC5C8D5-7C05-402A-B908-EE510EC5633A}.Release|Any CPU.Build.0 = Release|Any CPU
		{BF9F5AC7-A829-4542-A11E-DB7F15EF4793}.Debug|Any CPU.ActiveCfg = Debug|Any CPU
		{BF9F5AC7-A829-4542-A11E-DB7F15EF4793}.Debug|Any CPU.Build.0 = Debug|Any CPU
		{BF9F5AC7-A829-4542-A11E-DB7F15EF4793}.Release|Any CPU.ActiveCfg = Release|Any CPU
		{BF9F5AC7-A829-4542-A11E-DB7F15EF4793}.Release|Any CPU.Build.0 = Release|Any CPU
	EndGlobalSection
	GlobalSection(SolutionProperties) = preSolution
		HideSolutionNode = FALSE
	EndGlobalSection
	GlobalSection(ExtensibilityGlobals) = postSolution
		SolutionGuid = {D5655A60-FB98-4118-9261-7040B7BB107E}
	EndGlobalSection
EndGlobal
